
Microsoft Visual Studio Solution File, Format Version 12.00
# Visual Studio Version 17
VisualStudioVersion = 17.0.31903.59
MinimumVisualStudioVersion = 10.0.40219.1
Project("{FAE04EC0-301F-11D3-BF4B-00C04F79EFBC}") = "PocketMC.Core", "PocketMC.Core\PocketMC.Core.csproj", "{06107039-DBEA-4B98-8030-C54CA45FDE09}"
EndProject
Project("{FAE04EC0-301F-11D3-BF4B-00C04F79EFBC}") = "PocketMC.Infrastructure", "PocketMC.Infrastructure\PocketMC.Infrastructure.csproj", "{0A409C86-F9DC-4645-967C-8F598EE8A47C}"
EndProject
Project("{FAE04EC0-301F-11D3-BF4B-00C04F79EFBC}") = "PocketMC.Platform", "PocketMC.Platform\PocketMC.Platform.csproj", "{435AC5F8-BF69-4A84-B271-C820C01AFC32}"
EndProject
Project("{FAE04EC0-301F-11D3-BF4B-00C04F79EFBC}") = "PocketMC.App", "PocketMC.App\PocketMC.App.csproj", "{BE102952-74B2-4CC3-931B-3DF0C09B17A2}"
EndProject
Project("{FAE04EC0-301F-11D3-BF4B-00C04F79EFBC}") = "PocketMC.Tests", "PocketMC.Tests\PocketMC.Tests.csproj", "{B71DF6DB-B8DA-4A28-A838-BF6FFABC16DD}"
EndProject
Project("{FAE04EC0-301F-11D3-BF4B-00C04F79EFBC}") = "PocketMC.RemoteControl", "PocketMC.RemoteControl\PocketMC.RemoteControl.csproj", "{C442FA31-A9E0-4497-A630-14188F35C1EF}"
EndProject
Global
	GlobalSection(SolutionConfigurationPlatforms) = preSolution
		Debug|Any CPU = Debug|Any CPU
		Release|Any CPU = Release|Any CPU
	EndGlobalSection
	GlobalSection(SolutionProperties) = preSolution
		HideSolutionNode = FALSE
	EndGlobalSection
	GlobalSection(ProjectConfigurationPlatforms) = postSolution
		{06107039-DBEA-4B98-8030-C54CA45FDE09}.Debug|Any CPU.ActiveCfg = Debug|Any CPU
		{06107039-DBEA-4B98-8030-C54CA45FDE09}.Debug|Any CPU.Build.0 = Debug|Any CPU
		{06107039-DBEA-4B98-8030-C54CA45FDE09}.Release|Any CPU.ActiveCfg = Release|Any CPU
		{06107039-DBEA-4B98-8030-C54CA45FDE09}.Release|Any CPU.Build.0 = Release|Any CPU
		{0A409C86-F9DC-4645-967C-8F598EE8A47C}.Debug|Any CPU.ActiveCfg = Debug|Any CPU
		{0A409C86-F9DC-4645-967C-8F598EE8A47C}.Debug|Any CPU.Build.0 = Debug|Any CPU
		{0A409C86-F9DC-4645-967C-8F598EE8A47C}.Release|Any CPU.ActiveCfg = Release|Any CPU
		{0A409C86-F9DC-4645-967C-8F598EE8A47C}.Release|Any CPU.Build.0 = Release|Any CPU
		{435AC5F8-BF69-4A84-B271-C820C01AFC32}.Debug|Any CPU.ActiveCfg = Debug|Any CPU
		{435AC5F8-BF69-4A84-B271-C820C01AFC32}.Debug|Any CPU.Build.0 = Debug|Any CPU
		{435AC5F8-BF69-4A84-B271-C820C01AFC32}.Release|Any CPU.ActiveCfg = Release|Any CPU
		{435AC5F8-BF69-4A84-B271-C820C01AFC32}.Release|Any CPU.Build.0 = Release|Any CPU
		{BE102952-74B2-4CC3-931B-3DF0C09B17A2}.Debug|Any CPU.ActiveCfg = Debug|Any CPU
		{BE102952-74B2-4CC3-931B-3DF0C09B17A2}.Debug|Any CPU.Build.0 = Debug|Any CPU
		{BE102952-74B2-4CC3-931B-3DF0C09B17A2}.Release|Any CPU.ActiveCfg = Release|Any CPU
		{BE102952-74B2-4CC3-931B-3DF0C09B17A2}.Release|Any CPU.Build.0 = Release|Any CPU
		{B71DF6DB-B8DA-4A28-A838-BF6FFABC16DD}.Debug|Any CPU.ActiveCfg = Debug|Any CPU
		{B71DF6DB-B8DA-4A28-A838-BF6FFABC16DD}.Debug|Any CPU.Build.0 = Debug|Any CPU
		{B71DF6DB-B8DA-4A28-A838-BF6FFABC16DD}.Release|Any CPU.ActiveCfg = Release|Any CPU
		{B71DF6DB-B8DA-4A28-A838-BF6FFABC16DD}.Release|Any CPU.Build.0 = Release|Any CPU
		{C442FA31-A9E0-4497-A630-14188F35C1EF}.Debug|Any CPU.ActiveCfg = Debug|Any CPU
		{C442FA31-A9E0-4497-A630-14188F35C1EF}.Debug|Any CPU.Build.0 = Debug|Any CPU
		{C442FA31-A9E0-4497-A630-14188F35C1EF}.Release|Any CPU.ActiveCfg = Release|Any CPU
		{C442FA31-A9E0-4497-A630-14188F35C1EF}.Release|Any CPU.Build.0 = Release|Any CPU
	EndGlobalSection
EndGlobal
